
Microsoft Visual Studio Solution File, Format Version 12.00
# Visual Studio Version 17
VisualStudioVersion = 17.4.33213.308
MinimumVisualStudioVersion = 10.0.40219.1
Project("{FAE04EC0-301F-11D3-BF4B-00C04F79EFBC}") = "AkademiPlusCQRS", "AkademiPlusCQRS\AkademiPlusCQRS.csproj", "{2EE1ACFF-1F6C-45C4-A13F-6653AFB1139D}"
EndProject
Global
	GlobalSection(SolutionConfigurationPlatforms) = preSolution
		Debug|Any CPU = Debug|Any CPU
		Release|Any CPU = Release|Any CPU
	EndGlobalSection
	GlobalSection(ProjectConfigurationPlatforms) = postSolution
		{2EE1ACFF-1F6C-45C4-A13F-6653AFB1139D}.Debug|Any CPU.ActiveCfg = Debug|Any CPU
		{2EE1ACFF-1F6C-45C4-A13F-6653AFB1139D}.Debug|Any CPU.Build.0 = Debug|Any CPU
		{2EE1ACFF-1F6C-45C4-A13F-6653AFB1139D}.Release|Any CPU.ActiveCfg = Release|Any CPU
		{2EE1ACFF-1F6C-45C4-A13F-6653AFB1139D}.Release|Any CPU.Build.0 = Release|Any CPU
	EndGlobalSection
	GlobalSection(SolutionProperties) = preSolution
		HideSolutionNode = FALSE
	EndGlobalSection
	GlobalSection(ExtensibilityGlobals) = postSolution
		SolutionGuid = {4DA87208-5EE7-41E0-BB9D-005B925B0E34}
	EndGlobalSection
EndGlobal
